PODS:
  - Flutter (1.0.0)
  - OneSignal (2.15.2)
  - onesignal_flutter (2.6.1):
    - Flutter
    - OneSignal (= 2.15.2)

DEPENDENCIES:
  - Flutter (from `Flutter`)
  - onesignal_flutter (from `.symlinks/plugins/onesignal_flutter/ios`)

SPEC REPOS:
  trunk:
    - OneSignal

EXTERNAL SOURCES:
  Flutter:
    :path: Flutter
  onesignal_flutter:
    :path: ".symlinks/plugins/onesignal_flutter/ios"

SPEC CHECKSUMS:
  Flutter: 0e3d915762c693b495b44d77113d4970485de6ec
  OneSignal: 9531e385388565f4d31797ddadbe0fcc786430ec
  onesignal_flutter: b4412973eac419ccce07363e43e0d6057c583a96

PODFILE CHECKSUM: aafe91acc616949ddb318b77800a7f51bffa2a4c

COCOAPODS: 1.9.0
